
Microsoft Visual Studio Solution File, Format Version 12.00
# Visual Studio Version 16
VisualStudioVersion = 16.0.29201.188
MinimumVisualStudioVersion = 10.0.40219.1
Project("{FAE04EC0-301F-11D3-BF4B-00C04F79EFBC}") = "Queue", "Queue\Queue.csproj", "{468C0604-2144-4708-8292-18D74B9CB64F}"
EndProject
Global
	GlobalSection(SolutionConfigurationPlatforms) = preSolution
		Debug|Any CPU = Debug|Any CPU
		Release|Any CPU = Release|Any CPU
	EndGlobalSection
	GlobalSection(ProjectConfigurationPlatforms) = postSolution
		{468C0604-2144-4708-8292-18D74B9CB64F}.Debug|Any CPU.ActiveCfg = Debug|Any CPU
		{468C0604-2144-4708-8292-18D74B9CB64F}.Debug|Any CPU.Build.0 = Debug|Any CPU
		{468C0604-2144-4708-8292-18D74B9CB64F}.Release|Any CPU.ActiveCfg = Release|Any CPU
		{468C0604-2144-4708-8292-18D74B9CB64F}.Release|Any CPU.Build.0 = Release|Any CPU
	EndGlobalSection
	GlobalSection(SolutionProperties) = preSolution
		HideSolutionNode = FALSE
	EndGlobalSection
	GlobalSection(ExtensibilityGlobals) = postSolution
		SolutionGuid = {F45F817B-9A03-4B10-AD4F-99ABFD69F99E}
	EndGlobalSection
EndGlobal
